
Microsoft Visual Studio Solution File, Format Version 12.00
# Visual Studio 14
VisualStudioVersion = 14.0.25420.1
MinimumVisualStudioVersion = 10.0.40219.1
Project("{8BC9CEB8-8B4A-11D0-8D11-00A0C91BC942}") = "ADJACENTBIT", "ADJACENTBIT\ADJACENTBIT.vcxproj", "{150C2B13-E9F4-41AE-A925-58E23D7FA7AD}"
EndProject
Project("{8BC9CEB8-8B4A-11D0-8D11-00A0C91BC942}") = "Dijkstra", "Dijkstra\Dijkstra.vcxproj", "{87D49D27-1E58-4199-B09F-85263601CC89}"
EndProject
Project("{8BC9CEB8-8B4A-11D0-8D11-00A0C91BC942}") = "Median", "Median\Median.vcxproj", "{7FCBA77F-40A7-4168-9FDB-13D12006F761}"
EndProject
Project("{8BC9CEB8-8B4A-11D0-8D11-00A0C91BC942}") = "Pinary", "Pinary\Pinary.vcxproj", "{1E454968-4FA7-45D3-B9DE-B736793F6554}"
EndProject
Project("{8BC9CEB8-8B4A-11D0-8D11-00A0C91BC942}") = "priorityQueue", "priorityQueue\priorityQueue.vcxproj", "{14EE6078-E613-489D-ACC2-BD02844C7F27}"
EndProject
Project("{8BC9CEB8-8B4A-11D0-8D11-00A0C91BC942}") = "qsort", "qsort\qsort.vcxproj", "{C33C1028-520F-4434-B60D-4214EA41D848}"
EndProject
Project("{8BC9CEB8-8B4A-11D0-8D11-00A0C91BC942}") = "SDS_PRO_PRE_12", "SDS_PRO_PRE_12\SDS_PRO_PRE_12\SDS_PRO_PRE_12.vcxproj", "{C624A4B0-C980-4658-9397-74D29D3536BC}"
EndProject
Project("{8BC9CEB8-8B4A-11D0-8D11-00A0C91BC942}") = "Baekjun2673", "Baekjun2673\Baekjun2673.vcxproj", "{B4F1FB19-C1C5-48C8-8A59-A14C71C1649A}"
EndProject
Project("{8BC9CEB8-8B4A-11D0-8D11-00A0C91BC942}") = "RollerCoaster", "RollerCoaster\RollerCoaster.vcxproj", "{7D5D29B6-4FDD-4975-86D8-D2CD2ABE5582}"
EndProject
Project("{8BC9CEB8-8B4A-11D0-8D11-00A0C91BC942}") = "N-Queen", "N-Queen\N-Queen.vcxproj", "{AE011E5F-3E9D-4EFE-9996-434EBFB2CCDC}"
EndProject
Project("{2150E333-8FDC-42A3-9474-1A3956D46DE8}") = "Solution Items", "Solution Items", "{18C3D9D2-D059-48A5-8E19-4ED2837B8EA9}"
	ProjectSection(SolutionItems) = preProject
		_CRT_SECURE_NO_WARNINGS.txt = _CRT_SECURE_NO_WARNINGS.txt
	EndProjectSection
EndProject
Project("{8BC9CEB8-8B4A-11D0-8D11-00A0C91BC942}") = "PrimeNumberPassword", "PrimeNumberPassword\PrimeNumberPassword.vcxproj", "{106DCF25-36B1-44B6-B7EB-515FBE63FD12}"
EndProject
Project("{8BC9CEB8-8B4A-11D0-8D11-00A0C91BC942}") = "alcholPromise", "alcholPromise\alcholPromise.vcxproj", "{80537A9C-EA85-4506-8974-760A50332D25}"
EndProject
Project("{8BC9CEB8-8B4A-11D0-8D11-00A0C91BC942}") = "christmastree", "christmastree\christmastree.vcxproj", "{B5463C20-6162-4102-96BC-FCE0C89B800B}"
EndProject
Project("{8BC9CEB8-8B4A-11D0-8D11-00A0C91BC942}") = "Palindrome", "Palindrome\Palindrome.vcxproj", "{FF8F25D3-CEF5-488C-A193-4735BB0A6AA1}"
EndProject
Project("{8BC9CEB8-8B4A-11D0-8D11-00A0C91BC942}") = "jointheparty", "jointheparty\jointheparty.vcxproj", "{69F9C07E-AF83-45EE-8E36-116D49F803AE}"
EndProject
Project("{8BC9CEB8-8B4A-11D0-8D11-00A0C91BC942}") = "maxheapno_201701propre", "maxheapno_201701propre\maxheapno_201701propre.vcxproj", "{601843D6-B508-407D-95E7-60A3ECAA3AB6}"
EndProject
Project("{8BC9CEB8-8B4A-11D0-8D11-00A0C91BC942}") = "maxsubarray", "maxsubarray\maxsubarray.vcxproj", "{56831CE0-34B0-42F9-B7DC-0B69F0F06217}"
EndProject
Project("{8BC9CEB8-8B4A-11D0-8D11-00A0C91BC942}") = "cowparty", "cowparty\cowparty.vcxproj", "{A1262D87-02D2-459A-A826-17B5A69F7087}"
EndProject
Global
	GlobalSection(SolutionConfigurationPlatforms) = preSolution
		Debug|x64 = Debug|x64
		Debug|x86 = Debug|x86
		Release|x64 = Release|x64
		Release|x86 = Release|x86
	EndGlobalSection
	GlobalSection(ProjectConfigurationPlatforms) = postSolution
		{150C2B13-E9F4-41AE-A925-58E23D7FA7AD}.Debug|x64.ActiveCfg = Debug|x64
		{150C2B13-E9F4-41AE-A925-58E23D7FA7AD}.Debug|x64.Build.0 = Debug|x64
		{150C2B13-E9F4-41AE-A925-58E23D7FA7AD}.Debug|x86.ActiveCfg = Debug|Win32
		{150C2B13-E9F4-41AE-A925-58E23D7FA7AD}.Debug|x86.Build.0 = Debug|Win32
		{150C2B13-E9F4-41AE-A925-58E23D7FA7AD}.Release|x64.ActiveCfg = Release|x64
		{150C2B13-E9F4-41AE-A925-58E23D7FA7AD}.Release|x64.Build.0 = Release|x64
		{150C2B13-E9F4-41AE-A925-58E23D7FA7AD}.Release|x86.ActiveCfg = Release|Win32
		{150C2B13-E9F4-41AE-A925-58E23D7FA7AD}.Release|x86.Build.0 = Release|Win32
		{87D49D27-1E58-4199-B09F-85263601CC89}.Debug|x64.ActiveCfg = Debug|x64
		{87D49D27-1E58-4199-B09F-85263601CC89}.Debug|x64.Build.0 = Debug|x64
		{87D49D27-1E58-4199-B09F-85263601CC89}.Debug|x86.ActiveCfg = Debug|Win32
		{87D49D27-1E58-4199-B09F-85263601CC89}.Debug|x86.Build.0 = Debug|Win32
		{87D49D27-1E58-4199-B09F-85263601CC89}.Release|x64.ActiveCfg = Release|x64
		{87D49D27-1E58-4199-B09F-85263601CC89}.Release|x64.Build.0 = Release|x64
		{87D49D27-1E58-4199-B09F-85263601CC89}.Release|x86.ActiveCfg = Release|Win32
		{87D49D27-1E58-4199-B09F-85263601CC89}.Release|x86.Build.0 = Release|Win32
		{7FCBA77F-40A7-4168-9FDB-13D12006F761}.Debug|x64.ActiveCfg = Debug|x64
		{7FCBA77F-40A7-4168-9FDB-13D12006F761}.Debug|x64.Build.0 = Debug|x64
		{7FCBA77F-40A7-4168-9FDB-13D12006F761}.Debug|x86.ActiveCfg = Debug|Win32
		{7FCBA77F-40A7-4168-9FDB-13D12006F761}.Debug|x86.Build.0 = Debug|Win32
		{7FCBA77F-40A7-4168-9FDB-13D12006F761}.Release|x64.ActiveCfg = Release|x64
		{7FCBA77F-40A7-4168-9FDB-13D12006F761}.Release|x64.Build.0 = Release|x64
		{7FCBA77F-40A7-4168-9FDB-13D12006F761}.Release|x86.ActiveCfg = Release|Win32
		{7FCBA77F-40A7-4168-9FDB-13D12006F761}.Release|x86.Build.0 = Release|Win32
		{1E454968-4FA7-45D3-B9DE-B736793F6554}.Debug|x64.ActiveCfg = Debug|x64
		{1E454968-4FA7-45D3-B9DE-B736793F6554}.Debug|x64.Build.0 = Debug|x64
		{1E454968-4FA7-45D3-B9DE-B736793F6554}.Debug|x86.ActiveCfg = Debug|Win32
		{1E454968-4FA7-45D3-B9DE-B736793F6554}.Debug|x86.Build.0 = Debug|Win32
		{1E454968-4FA7-45D3-B9DE-B736793F6554}.Release|x64.ActiveCfg = Release|x64
		{1E454968-4FA7-45D3-B9DE-B736793F6554}.Release|x64.Build.0 = Release|x64
		{1E454968-4FA7-45D3-B9DE-B736793F6554}.Release|x86.ActiveCfg = Release|Win32
		{1E454968-4FA7-45D3-B9DE-B736793F6554}.Release|x86.Build.0 = Release|Win32
		{14EE6078-E613-489D-ACC2-BD02844C7F27}.Debug|x64.ActiveCfg = Debug|x64
		{14EE6078-E613-489D-ACC2-BD02844C7F27}.Debug|x64.Build.0 = Debug|x64
		{14EE6078-E613-489D-ACC2-BD02844C7F27}.Debug|x86.ActiveCfg = Debug|Win32
		{14EE6078-E613-489D-ACC2-BD02844C7F27}.Debug|x86.Build.0 = Debug|Win32
		{14EE6078-E613-489D-ACC2-BD02844C7F27}.Release|x64.ActiveCfg = Release|x64
		{14EE6078-E613-489D-ACC2-BD02844C7F27}.Release|x64.Build.0 = Release|x64
		{14EE6078-E613-489D-ACC2-BD02844C7F27}.Release|x86.ActiveCfg = Release|Win32
		{14EE6078-E613-489D-ACC2-BD02844C7F27}.Release|x86.Build.0 = Release|Win32
		{C33C1028-520F-4434-B60D-4214EA41D848}.Debug|x64.ActiveCfg = Debug|x64
		{C33C1028-520F-4434-B60D-4214EA41D848}.Debug|x64.Build.0 = Debug|x64
		{C33C1028-520F-4434-B60D-4214EA41D848}.Debug|x86.ActiveCfg = Debug|Win32
		{C33C1028-520F-4434-B60D-4214EA41D848}.Debug|x86.Build.0 = Debug|Win32
		{C33C1028-520F-4434-B60D-4214EA41D848}.Release|x64.ActiveCfg = Release|x64
		{C33C1028-520F-4434-B60D-4214EA41D848}.Release|x64.Build.0 = Release|x64
		{C33C1028-520F-4434-B60D-4214EA41D848}.Release|x86.ActiveCfg = Release|Win32
		{C33C1028-520F-4434-B60D-4214EA41D848}.Release|x86.Build.0 = Release|Win32
		{C624A4B0-C980-4658-9397-74D29D3536BC}.Debug|x64.ActiveCfg = Debug|x64
		{C624A4B0-C980-4658-9397-74D29D3536BC}.Debug|x64.Build.0 = Debug|x64
		{C624A4B0-C980-4658-9397-74D29D3536BC}.Debug|x86.ActiveCfg = Debug|Win32
		{C624A4B0-C980-4658-9397-74D29D3536BC}.Debug|x86.Build.0 = Debug|Win32
		{C624A4B0-C980-4658-9397-74D29D3536BC}.Release|x64.ActiveCfg = Release|x64
		{C624A4B0-C980-4658-9397-74D29D3536BC}.Release|x64.Build.0 = Release|x64
		{C624A4B0-C980-4658-9397-74D29D3536BC}.Release|x86.ActiveCfg = Release|Win32
		{C624A4B0-C980-4658-9397-74D29D3536BC}.Release|x86.Build.0 = Release|Win32
		{B4F1FB19-C1C5-48C8-8A59-A14C71C1649A}.Debug|x64.ActiveCfg = Debug|x64
		{B4F1FB19-C1C5-48C8-8A59-A14C71C1649A}.Debug|x64.Build.0 = Debug|x64
		{B4F1FB19-C1C5-48C8-8A59-A14C71C1649A}.Debug|x86.ActiveCfg = Debug|Win32
		{B4F1FB19-C1C5-48C8-8A59-A14C71C1649A}.Debug|x86.Build.0 = Debug|Win32
		{B4F1FB19-C1C5-48C8-8A59-A14C71C1649A}.Release|x64.ActiveCfg = Release|x64
		{B4F1FB19-C1C5-48C8-8A59-A14C71C1649A}.Release|x64.Build.0 = Release|x64
		{B4F1FB19-C1C5-48C8-8A59-A14C71C1649A}.Release|x86.ActiveCfg = Release|Win32
		{B4F1FB19-C1C5-48C8-8A59-A14C71C1649A}.Release|x86.Build.0 = Release|Win32
		{7D5D29B6-4FDD-4975-86D8-D2CD2ABE5582}.Debug|x64.ActiveCfg = Debug|x64
		{7D5D29B6-4FDD-4975-86D8-D2CD2ABE5582}.Debug|x64.Build.0 = Debug|x64
		{7D5D29B6-4FDD-4975-86D8-D2CD2ABE5582}.Debug|x86.ActiveCfg = Debug|Win32
		{7D5D29B6-4FDD-4975-86D8-D2CD2ABE5582}.Debug|x86.Build.0 = Debug|Win32
		{7D5D29B6-4FDD-4975-86D8-D2CD2ABE5582}.Release|x64.ActiveCfg = Release|x64
		{7D5D29B6-4FDD-4975-86D8-D2CD2ABE5582}.Release|x64.Build.0 = Release|x64
		{7D5D29B6-4FDD-4975-86D8-D2CD2ABE5582}.Release|x86.ActiveCfg = Release|Win32
		{7D5D29B6-4FDD-4975-86D8-D2CD2ABE5582}.Release|x86.Build.0 = Release|Win32
		{AE011E5F-3E9D-4EFE-9996-434EBFB2CCDC}.Debug|x64.ActiveCfg = Debug|x64
		{AE011E5F-3E9D-4EFE-9996-434EBFB2CCDC}.Debug|x64.Build.0 = Debug|x64
		{AE011E5F-3E9D-4EFE-9996-434EBFB2CCDC}.Debug|x86.ActiveCfg = Debug|Win32
		{AE011E5F-3E9D-4EFE-9996-434EBFB2CCDC}.Debug|x86.Build.0 = Debug|Win32
		{AE011E5F-3E9D-4EFE-9996-434EBFB2CCDC}.Release|x64.ActiveCfg = Release|x64
		{AE011E5F-3E9D-4EFE-9996-434EBFB2CCDC}.Release|x64.Build.0 = Release|x64
		{AE011E5F-3E9D-4EFE-9996-434EBFB2CCDC}.Release|x86.ActiveCfg = Release|Win32
		{AE011E5F-3E9D-4EFE-9996-434EBFB2CCDC}.Release|x86.Build.0 = Release|Win32
		{106DCF25-36B1-44B6-B7EB-515FBE63FD12}.Debug|x64.ActiveCfg = Debug|x64
		{106DCF25-36B1-44B6-B7EB-515FBE63FD12}.Debug|x64.Build.0 = Debug|x64
		{106DCF25-36B1-44B6-B7EB-515FBE63FD12}.Debug|x86.ActiveCfg = Debug|Win32
		{106DCF25-36B1-44B6-B7EB-515FBE63FD12}.Debug|x86.Build.0 = Debug|Win32
		{106DCF25-36B1-44B6-B7EB-515FBE63FD12}.Release|x64.ActiveCfg = Release|x64
		{106DCF25-36B1-44B6-B7EB-515FBE63FD12}.Release|x64.Build.0 = Release|x64
		{106DCF25-36B1-44B6-B7EB-515FBE63FD12}.Release|x86.ActiveCfg = Release|Win32
		{106DCF25-36B1-44B6-B7EB-515FBE63FD12}.Release|x86.Build.0 = Release|Win32
		{80537A9C-EA85-4506-8974-760A50332D25}.Debug|x64.ActiveCfg = Debug|x64
		{80537A9C-EA85-4506-8974-760A50332D25}.Debug|x64.Build.0 = Debug|x64
		{80537A9C-EA85-4506-8974-760A50332D25}.Debug|x86.ActiveCfg = Debug|Win32
		{80537A9C-EA85-4506-8974-760A50332D25}.Debug|x86.Build.0 = Debug|Win32
		{80537A9C-EA85-4506-8974-760A50332D25}.Release|x64.ActiveCfg = Release|x64
		{80537A9C-EA85-4506-8974-760A50332D25}.Release|x64.Build.0 = Release|x64
		{80537A9C-EA85-4506-8974-760A50332D25}.Release|x86.ActiveCfg = Release|Win32
		{80537A9C-EA85-4506-8974-760A50332D25}.Release|x86.Build.0 = Release|Win32
		{B5463C20-6162-4102-96BC-FCE0C89B800B}.Debug|x64.ActiveCfg = Debug|x64
		{B5463C20-6162-4102-96BC-FCE0C89B800B}.Debug|x64.Build.0 = Debug|x64
		{B5463C20-6162-4102-96BC-FCE0C89B800B}.Debug|x86.ActiveCfg = Debug|Win32
		{B5463C20-6162-4102-96BC-FCE0C89B800B}.Debug|x86.Build.0 = Debug|Win32
		{B5463C20-6162-4102-96BC-FCE0C89B800B}.Release|x64.ActiveCfg = Release|x64
		{B5463C20-6162-4102-96BC-FCE0C89B800B}.Release|x64.Build.0 = Release|x64
		{B5463C20-6162-4102-96BC-FCE0C89B800B}.Release|x86.ActiveCfg = Release|Win32
		{B5463C20-6162-4102-96BC-FCE0C89B800B}.Release|x86.Build.0 = Release|Win32
		{FF8F25D3-CEF5-488C-A193-4735BB0A6AA1}.Debug|x64.ActiveCfg = Debug|x64
		{FF8F25D3-CEF5-488C-A193-4735BB0A6AA1}.Debug|x64.Build.0 = Debug|x64
		{FF8F25D3-CEF5-488C-A193-4735BB0A6AA1}.Debug|x86.ActiveCfg = Debug|Win32
		{FF8F25D3-CEF5-488C-A193-4735BB0A6AA1}.Debug|x86.Build.0 = Debug|Win32
		{FF8F25D3-CEF5-488C-A193-4735BB0A6AA1}.Release|x64.ActiveCfg = Release|x64
		{FF8F25D3-CEF5-488C-A193-4735BB0A6AA1}.Release|x64.Build.0 = Release|x64
		{FF8F25D3-CEF5-488C-A193-4735BB0A6AA1}.Release|x86.ActiveCfg = Release|Win32
		{FF8F25D3-CEF5-488C-A193-4735BB0A6AA1}.Release|x86.Build.0 = Release|Win32
		{69F9C07E-AF83-45EE-8E36-116D49F803AE}.Debug|x64.ActiveCfg = Debug|x64
		{69F9C07E-AF83-45EE-8E36-116D49F803AE}.Debug|x64.Build.0 = Debug|x64
		{69F9C07E-AF83-45EE-8E36-116D49F803AE}.Debug|x86.ActiveCfg = Debug|Win32
		{69F9C07E-AF83-45EE-8E36-116D49F803AE}.Debug|x86.Build.0 = Debug|Win32
		{69F9C07E-AF83-45EE-8E36-116D49F803AE}.Release|x64.ActiveCfg = Release|x64
		{69F9C07E-AF83-45EE-8E36-116D49F803AE}.Release|x64.Build.0 = Release|x64
		{69F9C07E-AF83-45EE-8E36-116D49F803AE}.Release|x86.ActiveCfg = Release|Win32
		{69F9C07E-AF83-45EE-8E36-116D49F803AE}.Release|x86.Build.0 = Release|Win32
		{601843D6-B508-407D-95E7-60A3ECAA3AB6}.Debug|x64.ActiveCfg = Debug|x64
		{601843D6-B508-407D-95E7-60A3ECAA3AB6}.Debug|x64.Build.0 = Debug|x64
		{601843D6-B508-407D-95E7-60A3ECAA3AB6}.Debug|x86.ActiveCfg = Debug|Win32
		{601843D6-B508-407D-95E7-60A3ECAA3AB6}.Debug|x86.Build.0 = Debug|Win32
		{601843D6-B508-407D-95E7-60A3ECAA3AB6}.Release|x64.ActiveCfg = Release|x64
		{601843D6-B508-407D-95E7-60A3ECAA3AB6}.Release|x64.Build.0 = Release|x64
		{601843D6-B508-407D-95E7-60A3ECAA3AB6}.Release|x86.ActiveCfg = Release|Win32
		{601843D6-B508-407D-95E7-60A3ECAA3AB6}.Release|x86.Build.0 = Release|Win32
		{56831CE0-34B0-42F9-B7DC-0B69F0F06217}.Debug|x64.ActiveCfg = Debug|x64
		{56831CE0-34B0-42F9-B7DC-0B69F0F06217}.Debug|x64.Build.0 = Debug|x64
		{56831CE0-34B0-42F9-B7DC-0B69F0F06217}.Debug|x86.ActiveCfg = Debug|Win32
		{56831CE0-34B0-42F9-B7DC-0B69F0F06217}.Debug|x86.Build.0 = Debug|Win32
		{56831CE0-34B0-42F9-B7DC-0B69F0F06217}.Release|x64.ActiveCfg = Release|x64
		{56831CE0-34B0-42F9-B7DC-0B69F0F06217}.Release|x64.Build.0 = Release|x64
		{56831CE0-34B0-42F9-B7DC-0B69F0F06217}.Release|x86.ActiveCfg = Release|Win32
		{56831CE0-34B0-42F9-B7DC-0B69F0F06217}.Release|x86.Build.0 = Release|Win32
		{A1262D87-02D2-459A-A826-17B5A69F7087}.Debug|x64.ActiveCfg = Debug|x64
		{A1262D87-02D2-459A-A826-17B5A69F7087}.Debug|x64.Build.0 = Debug|x64
		{A1262D87-02D2-459A-A826-17B5A69F7087}.Debug|x86.ActiveCfg = Debug|Win32
		{A1262D87-02D2-459A-A826-17B5A69F7087}.Debug|x86.Build.0 = Debug|Win32
		{A1262D87-02D2-459A-A826-17B5A69F7087}.Release|x64.ActiveCfg = Release|x64
		{A1262D87-02D2-459A-A826-17B5A69F7087}.Release|x64.Build.0 = Release|x64
		{A1262D87-02D2-459A-A826-17B5A69F7087}.Release|x86.ActiveCfg = Release|Win32
		{A1262D87-02D2-459A-A826-17B5A69F7087}.Release|x86.Build.0 = Release|Win32
	EndGlobalSection
	GlobalSection(SolutionProperties) = preSolution
		HideSolutionNode = FALSE
	EndGlobalSection
EndGlobal
